
Microsoft Visual Studio Solution File, Format Version 12.00
# Visual Studio Version 17
VisualStudioVersion = 17.5.33530.505
MinimumVisualStudioVersion = 10.0.40219.1
Project("{FAE04EC0-301F-11D3-BF4B-00C04F79EFBC}") = "ParsingPCAP", "ParsingPCAP\ParsingPCAP.csproj", "{B640ADE3-FE62-41A6-8063-EFA325F786F6}"
EndProject
Global
	GlobalSection(SolutionConfigurationPlatforms) = preSolution
		Debug|Any CPU = Debug|Any CPU
		Release|Any CPU = Release|Any CPU
	EndGlobalSection
	GlobalSection(ProjectConfigurationPlatforms) = postSolution
		{B640ADE3-FE62-41A6-8063-EFA325F786F6}.Debug|Any CPU.ActiveCfg = Debug|Any CPU
		{B640ADE3-FE62-41A6-8063-EFA325F786F6}.Debug|Any CPU.Build.0 = Debug|Any CPU
		{B640ADE3-FE62-41A6-8063-EFA325F786F6}.Release|Any CPU.ActiveCfg = Release|Any CPU
		{B640ADE3-FE62-41A6-8063-EFA325F786F6}.Release|Any CPU.Build.0 = Release|Any CPU
	EndGlobalSection
	GlobalSection(SolutionProperties) = preSolution
		HideSolutionNode = FALSE
	EndGlobalSection
	GlobalSection(ExtensibilityGlobals) = postSolution
		SolutionGuid = {ABBF7679-966D-490E-A529-773350D52931}
	EndGlobalSection
EndGlobal
